// !$*UTF8*$!
{
	archiveVersion = 1;
	classes = {
	};
	objectVersion = 46;
	objects = {

/* Begin PBXBuildFile section */
		22FCA06C1EE3751D00ADA986 /* AppDelegate.swift in Sources */ = {isa = PBXBuildFile; fileRef = 22FCA06B1EE3751D00ADA986 /* AppDelegate.swift */; };
		22FCA06E1EE3751D00ADA986 /* Assets.xcassets in Resources */ = {isa = PBXBuildFile; fileRef = 22FCA06D1EE3751D00ADA986 /* Assets.xcassets */; };
		22FCA0711EE3751D00ADA986 /* MainMenu.xib in Resources */ = {isa = PBXBuildFile; fileRef = 22FCA06F1EE3751D00ADA986 /* MainMenu.xib */; };
/* End PBXBuildFile section */

/* Begin PBXFileReference section */
		22FCA0681EE3751D00ADA986 /* MenuWidgetLoginHelper.app */ = {isa = PBXFileReference; explicitFileType = wrapper.application; includeInIndex = 0; path = MenuWidgetLoginHelper.app; sourceTree = BUILT_PRODUCTS_DIR; };
		22FCA06B1EE3751D00ADA986 /* AppDelegate.swift */ = {isa = PBXFileReference; lastKnownFileType = sourcecode.swift; path = AppDelegate.swift; sourceTree = "<group>"; };
		22FCA06D1EE3751D00ADA986 /* Assets.xcassets */ = {isa = PBXFileReference; lastKnownFileType = folder.assetcatalog; path = Assets.xcassets; sourceTree = "<group>"; };
		22FCA0701EE3751D00ADA986 /* Base */ = {isa = PBXFileReference; lastKnownFileType = file.xib; name = Base; path = Base.lproj/MainMenu.xib; sourceTree = "<group>"; };
		22FCA0721EE3751D00ADA986 /* Info.plist */ = {isa = PBXFileReference; lastKnownFileType = text.plist.xml; path = Info.plist; sourceTree = "<group>"; };
		22FCA0901EE37AAE00ADA986 /* MenuWidgetLoginHelper.entitlements */ = {isa = PBXFileReference; lastKnownFileType = text.plist.entitlements; path = MenuWidgetLoginHelper.entitlements; sourceTree = "<group>"; };
/* End PBXFileReference section */

/* Begin PBXFrameworksBuildPhase section */
		22FCA0651EE3751D00ADA986 /* Frameworks */ = {
			isa = PBXFrameworksBuildPhase;
			buildActionMask = 2147483647;
			files = (
			);
			runOnlyForDeploymentPostprocessing = 0;
		};
/* End PBXFrameworksBuildPhase section */

/* Begin PBXGroup section */
		22FCA05F1EE3751D00ADA986 = {
			isa = PBXGroup;
			children = (
				22FCA06A1EE3751D00ADA986 /* MenuWidgetLoginHelper */,
				22FCA0691EE3751D00ADA986 /* Products */,
			);
			sourceTree = "<group>";
		};
		22FCA0691EE3751D00ADA986 /* Products */ = {
			isa = PBXGroup;
			children = (
				22FCA0681EE3751D00ADA986 /* MenuWidgetLoginHelper.app */,
			);
			name = Products;
			sourceTree = "<group>";
		};
		22FCA06A1EE3751D00ADA986 /* MenuWidgetLoginHelper */ = {
			isa = PBXGroup;
			children = (
				22FCA0901EE37AAE00ADA986 /* MenuWidgetLoginHelper.entitlements */,
				22FCA06B1EE3751D00ADA986 /* AppDelegate.swift */,
				22FCA06D1EE3751D00ADA986 /* Assets.xcassets */,
				22FCA06F1EE3751D00ADA986 /* MainMenu.xib */,
				22FCA0721EE3751D00ADA986 /* Info.plist */,
			);
			path = MenuWidgetLoginHelper;
			sourceTree = "<group>";
		};
/* End PBXGroup section */

/* Begin PBXNativeTarget section */
		22FCA0671EE3751D00ADA986 /* MenuWidgetLoginHelper */ = {
			isa = PBXNativeTarget;
			buildConfigurationList = 22FCA0751EE3751D00ADA986 /* Build configuration list for PBXNativeTarget "MenuWidgetLoginHelper" */;
			buildPhases = (
				22FCA0641EE3751D00ADA986 /* Sources */,
				22FCA0651EE3751D00ADA986 /* Frameworks */,
				22FCA0661EE3751D00ADA986 /* Resources */,
			);
			buildRules = (
			);
			dependencies = (
			);
			name = MenuWidgetLoginHelper;
			productName = MenuWidgetLoginHelper;
			productReference = 22FCA0681EE3751D00ADA986 /* MenuWidgetLoginHelper.app */;
			productType = "com.apple.product-type.application";
		};
/* End PBXNativeTarget section */

/* Begin PBXProject section */
		22FCA0601EE3751D00ADA986 /* Project object */ = {
			isa = PBXProject;
			attributes = {
				LastSwiftUpdateCheck = 0820;
				LastUpgradeCheck = 0820;
				ORGANIZATIONNAME = "Jonah U";
				TargetAttributes = {
					22FCA0671EE3751D00ADA986 = {
						CreatedOnToolsVersion = 8.2.1;
						DevelopmentTeam = PR63222DFG;
						ProvisioningStyle = Automatic;
						SystemCapabilities = {
							com.apple.Sandbox = {
								enabled = 1;
							};
						};
					};
				};
			};
			buildConfigurationList = 22FCA0631EE3751D00ADA986 /* Build configuration list for PBXProject "MenuWidgetLoginHelper" */;
			compatibilityVersion = "Xcode 3.2";
			developmentRegion = English;
			hasScannedForEncodings = 0;
			knownRegions = (
				en,
				Base,
			);
			mainGroup = 22FCA05F1EE3751D00ADA986;
			productRefGroup = 22FCA0691EE3751D00ADA986 /* Products */;
			projectDirPath = "";
			projectRoot = "";
			targets = (
				22FCA0671EE3751D00ADA986 /* MenuWidgetLoginHelper */,
			);
		};
/* End PBXProject section */

/* Begin PBXResourcesBuildPhase section */
		22FCA0661EE3751D00ADA986 /* Resources */ = {
			isa = PBXResourcesBuildPhase;
			buildActionMask = 2147483647;
			files = (
				22FCA06E1EE3751D00ADA986 /* Assets.xcassets in Resources */,
				22FCA0711EE3751D00ADA986 /* MainMenu.xib in Resources */,
			);
			runOnlyForDeploymentPostprocessing = 0;
		};
/* End PBXResourcesBuildPhase section */

/* Begin PBXSourcesBuildPhase section */
		22FCA0641EE3751D00ADA986 /* Sources */ = {
			isa = PBXSourcesBuildPhase;
			buildActionMask = 2147483647;
			files = (
				22FCA06C1EE3751D00ADA986 /* AppDelegate.swift in Sources */,
			);
			runOnlyForDeploymentPostprocessing = 0;
		};
/* End PBXSourcesBuildPhase section */

/* Begin PBXVariantGroup section */
		22FCA06F1EE3751D00ADA986 /* MainMenu.xib */ = {
			isa = PBXVariantGroup;
			children = (
				22FCA0701EE3751D00ADA986 /* Base */,
			);
			name = MainMenu.xib;
			sourceTree = "<group>";
		};
/* End PBXVariantGroup section */

/* Begin XCBuildConfiguration section */
		22FCA0731EE3751D00ADA986 /* Debug */ = {
			isa = XCBuildConfiguration;
			buildSettings = {
				ALWAYS_SEARCH_USER_PATHS = NO;
				CLANG_ANALYZER_NONNULL = YES;
				CLANG_CXX_LANGUAGE_STANDARD = "gnu++0x";
				CLANG_CXX_LIBRARY = "libc++";
				CLANG_ENABLE_MODULES = YES;
				CLANG_ENABLE_OBJC_ARC = YES;
				CLANG_WARN_BOOL_CONVERSION = YES;
				CLANG_WARN_CONSTANT_CONVERSION = YES;
				CLANG_WARN_DIRECT_OBJC_ISA_USAGE = YES_ERROR;
				CLANG_WARN_DOCUMENTATION_COMMENTS = YES;
				CLANG_WARN_EMPTY_BODY = YES;
				CLANG_WARN_ENUM_CONVERSION = YES;
				CLANG_WARN_INFINITE_RECURSION = YES;
				CLANG_WARN_INT_CONVERSION = YES;
				CLANG_WARN_OBJC_ROOT_CLASS = YES_ERROR;
				CLANG_WARN_SUSPICIOUS_MOVE = YES;
				CLANG_WARN_UNREACHABLE_CODE = YES;
				CLANG_WARN__DUPLICATE_METHOD_MATCH = YES;
				CODE_SIGN_IDENTITY = "-";
				COPY_PHASE_STRIP = NO;
				DEBUG_INFORMATION_FORMAT = dwarf;
				ENABLE_STRICT_OBJC_MSGSEND = YES;
				ENABLE_TESTABILITY = YES;
				GCC_C_LANGUAGE_STANDARD = gnu99;
				GCC_DYNAMIC_NO_PIC = NO;
				GCC_NO_COMMON_BLOCKS = YES;
				GCC_OPTIMIZATION_LEVEL = 0;
				GCC_PREPROCESSOR_DEFINITIONS = (
					"DEBUG=1",
					"$(inherited)",
				);
				GCC_WARN_64_TO_32_BIT_CONVERSION = YES;
				GCC_WARN_ABOUT_RETURN_TYPE = YES_ERROR;
				GCC_WARN_UNDECLARED_SELECTOR = YES;
				GCC_WARN_UNINITIALIZED_AUTOS = YES_AGGRESSIVE;
				GCC_WARN_UNUSED_FUNCTION = YES;
				GCC_WARN_UNUSED_VARIABLE = YES;
				MACOSX_DEPLOYMENT_TARGET = 10.12;
				MTL_ENABLE_DEBUG_INFO = YES;
				ONLY_ACTIVE_ARCH = YES;
				SDKROOT = macosx;
				SWIFT_ACTIVE_COMPILATION_CONDITIONS = DEBUG;
				SWIFT_OPTIMIZATION_LEVEL = "-Onone";
			};
			name = Debug;
		};
		22FCA0741EE3751D00ADA986 /* Release */ = {
			isa = XCBuildConfiguration;
			buildSettings = {
				ALWAYS_SEARCH_USER_PATHS = NO;
				CLANG_ANALYZER_NONNULL = YES;
				CLANG_CXX_LANGUAGE_STANDARD = "gnu++0x";
				CLANG_CXX_LIBRARY = "libc++";
				CLANG_ENABLE_MODULES = YES;
				CLANG_ENABLE_OBJC_ARC = YES;
				CLANG_WARN_BOOL_CONVERSION = YES;
				CLANG_WARN_CONSTANT_CONVERSION = YES;
				CLANG_WARN_DIRECT_OBJC_ISA_USAGE = YES_ERROR;
				CLANG_WARN_DOCUMENTATION_COMMENTS = YES;
				CLANG_WARN_EMPTY_BODY = YES;
				CLANG_WARN_ENUM_CONVERSION = YES;
				CLANG_WARN_INFINITE_RECURSION = YES;
				CLANG_WARN_INT_CONVERSION = YES;
				CLANG_WARN_OBJC_ROOT_CLASS = YES_ERROR;
				CLANG_WARN_SUSPICIOUS_MOVE = YES;
				CLANG_WARN_UNREACHABLE_CODE = YES;
				CLANG_WARN__DUPLICATE_METHOD_MATCH = YES;
				CODE_SIGN_IDENTITY = "-";
				COPY_PHASE_STRIP = NO;
				DEBUG_INFORMATION_FORMAT = "dwarf-with-dsym";
				ENABLE_NS_ASSERTIONS = NO;
				ENABLE_STRICT_OBJC_MSGSEND = YES;
				GCC_C_LANGUAGE_STANDARD = gnu99;
				GCC_NO_COMMON_BLOCKS = YES;
				GCC_WARN_64_TO_32_BIT_CONVERSION = YES;
				GCC_WARN_ABOUT_RETURN_TYPE = YES_ERROR;
				GCC_WARN_UNDECLARED_SELECTOR = YES;
				GCC_WARN_UNINITIALIZED_AUTOS = YES_AGGRESSIVE;
				GCC_WARN_UNUSED_FUNCTION = YES;
				GCC_WARN_UNUSED_VARIABLE = YES;
				MACOSX_DEPLOYMENT_TARGET = 10.12;
				MTL_ENABLE_DEBUG_INFO = NO;
				SDKROOT = macosx;
				SWIFT_OPTIMIZATION_LEVEL = "-Owholemodule";
			};
			name = Release;
		};
		22FCA0761EE3751D00ADA986 /* Debug */ = {
			isa = XCBuildConfiguration;
			buildSettings = {
				ASSETCATALOG_COMPILER_APPICON_NAME = AppIcon;
				CODE_SIGN_ENTITLEMENTS = MenuWidgetLoginHelper/MenuWidgetLoginHelper.entitlements;
				CODE_SIGN_IDENTITY = "Mac Developer";
				COMBINE_HIDPI_IMAGES = YES;
				DEVELOPMENT_TEAM = PR63222DFG;
				INFOPLIST_FILE = MenuWidgetLoginHelper/Info.plist;
				LD_RUNPATH_SEARCH_PATHS = "$(inherited) @executable_path/../Frameworks";
				PRODUCT_BUNDLE_IDENTIFIER = com.jonahu.MenuWidgetLoginHelper;
				PRODUCT_NAME = "$(TARGET_NAME)";
				SKIP_INSTALL = YES;
				SWIFT_VERSION = 3.0;
			};
			name = Debug;
		};
		22FCA0771EE3751D00ADA986 /* Release */ = {
			isa = XCBuildConfiguration;
			buildSettings = {
				ASSETCATALOG_COMPILER_APPICON_NAME = AppIcon;
				CODE_SIGN_ENTITLEMENTS = MenuWidgetLoginHelper/MenuWidgetLoginHelper.entitlements;
				CODE_SIGN_IDENTITY = "Mac Developer";
				COMBINE_HIDPI_IMAGES = YES;
				DEVELOPMENT_TEAM = PR63222DFG;
				INFOPLIST_FILE = MenuWidgetLoginHelper/Info.plist;
				LD_RUNPATH_SEARCH_PATHS = "$(inherited) @executable_path/../Frameworks";
				PRODUCT_BUNDLE_IDENTIFIER = com.jonahu.MenuWidgetLoginHelper;
				PRODUCT_NAME = "$(TARGET_NAME)";
				SKIP_INSTALL = YES;
				SWIFT_VERSION = 3.0;
			};
			name = Release;
		};
/* End XCBuildConfiguration section */

/* Begin XCConfigurationList section */
		22FCA0631EE3751D00ADA986 /* Build configuration list for PBXProject "MenuWidgetLoginHelper" */ = {
			isa = XCConfigurationList;
			buildConfigurations = (
				22FCA0731EE3751D00ADA986 /* Debug */,
				22FCA0741EE3751D00ADA986 /* Release */,
			);
			defaultConfigurationIsVisible = 0;
			defaultConfigurationName = Release;
		};
		22FCA0751EE3751D00ADA986 /* Build configuration list for PBXNativeTarget "MenuWidgetLoginHelper" */ = {
			isa = XCConfigurationList;
			buildConfigurations = (
				22FCA0761EE3751D00ADA986 /* Debug */,
				22FCA0771EE3751D00ADA986 /* Release */,
			);
			defaultConfigurationIsVisible = 0;
			defaultConfigurationName = Release;
		};
/* End XCConfigurationList section */
	};
	rootObject = 22FCA0601EE3751D00ADA986 /* Project object */;
}
